{
    "requires": true,
    "lockfileVersion": 1,
    "dependencies": {
        "-": {
            "version": "0.0.1",
            "resolved": "https://registry.npmjs.org/-/-/--0.0.1.tgz",
            "integrity": "sha512-3HfneK3DGAm05fpyj20sT3apkNcvPpCuccOThOPdzz8sY7GgQGe0l93XH9bt+YzibcTIgUAIMoyVJI740RtgyQ=="
        },
        "bower": {
            "version": "1.8.12",
            "resolved": "https://registry.npmjs.org/bower/-/bower-1.8.12.tgz",
            "integrity": "sha512-u1xy9SrwwoPlgjuHNjhV+YUPVdqyBj2ALBxuzeIUKXaPI2i2xypGgxqXkuHcITGdi5yBj5JuXgyMvgiWiS1S3Q=="
        },
        "g": {
            "version": "2.0.1",
            "resolved": "https://registry.npmjs.org/g/-/g-2.0.1.tgz",
            "integrity": "sha1-C1lj69DKcOO8jGdmk0oCGCHIuFc="
        },
        "js-button": {
            "version": "1.2.1",
            "resolved": "https://registry.npmjs.org/js-button/-/js-button-1.2.1.tgz",
            "integrity": "sha1-PD7LNTe2dBwz/xgqkNukrOzlUtY=",
            "requires": {
                "js-utilities": "*"
            }
        },
        "js-offcanvas": {
            "version": "1.2.9",
            "resolved": "https://registry.npmjs.org/js-offcanvas/-/js-offcanvas-1.2.9.tgz",
            "integrity": "sha512-aOdLHgsQDe8ZbiW5GRrlL/y4C5nqAPe65sHssy1k9GT+MizvJaPsC6OWM/DnpKGn1SuwVF1WIYyuIKzscvk/qg==",
            "requires": {
                "js-button": "*",
                "js-trap-tab": "*",
                "js-utilities": "*"
            }
        },
        "js-trap-tab": {
            "version": "1.0.3",
            "resolved": "https://registry.npmjs.org/js-trap-tab/-/js-trap-tab-1.0.3.tgz",
            "integrity": "sha1-eVnCdVX+vlAfVt2o3ZiPoNhFgyA="
        },
        "js-utilities": {
            "version": "1.0.2",
            "resolved": "https://registry.npmjs.org/js-utilities/-/js-utilities-1.0.2.tgz",
            "integrity": "sha512-Da2U3zQnebIHJU+I5Y96e7N0be+TDIbmcP9Pm9eCXYtQ4cbnLoLqgwCiQ2iFZJA2Yf86pikVcw1z4lC8Qja43Q=="
        }
    }
}
